
Microsoft Visual Studio Solution File, Format Version 12.00
# Visual Studio Version 17
VisualStudioVersion = 17.14.36221.1
MinimumVisualStudioVersion = 10.0.40219.1
Project("{FAE04EC0-301F-11D3-BF4B-00C04F79EFBC}") = "Frontend", "Frontend\Frontend.csproj", "{0F74939C-CE76-47D9-AAB7-5828B73DE022}"
EndProject
Project("{FAE04EC0-301F-11D3-BF4B-00C04F79EFBC}") = "chessEngine", "chessEngine\chessEngine.csproj", "{1DA59B9F-D786-4D2B-8519-C1B766C6C6BF}"
EndProject
Global
	GlobalSection(SolutionConfigurationPlatforms) = preSolution
		Debug|Any CPU = Debug|Any CPU
		Release|Any CPU = Release|Any CPU
	EndGlobalSection
	GlobalSection(ProjectConfigurationPlatforms) = postSolution
		{0F74939C-CE76-47D9-AAB7-5828B73DE022}.Debug|Any CPU.ActiveCfg = Debug|Any CPU
		{0F74939C-CE76-47D9-AAB7-5828B73DE022}.Debug|Any CPU.Build.0 = Debug|Any CPU
		{0F74939C-CE76-47D9-AAB7-5828B73DE022}.Release|Any CPU.ActiveCfg = Release|Any CPU
		{0F74939C-CE76-47D9-AAB7-5828B73DE022}.Release|Any CPU.Build.0 = Release|Any CPU
		{1DA59B9F-D786-4D2B-8519-C1B766C6C6BF}.Debug|Any CPU.ActiveCfg = Debug|Any CPU
		{1DA59B9F-D786-4D2B-8519-C1B766C6C6BF}.Debug|Any CPU.Build.0 = Debug|Any CPU
		{1DA59B9F-D786-4D2B-8519-C1B766C6C6BF}.Release|Any CPU.ActiveCfg = Release|Any CPU
		{1DA59B9F-D786-4D2B-8519-C1B766C6C6BF}.Release|Any CPU.Build.0 = Release|Any CPU
	EndGlobalSection
	GlobalSection(SolutionProperties) = preSolution
		HideSolutionNode = FALSE
	EndGlobalSection
	GlobalSection(ExtensibilityGlobals) = postSolution
		SolutionGuid = {994CCE43-872F-4430-915A-E76FE61036E2}
	EndGlobalSection
EndGlobal
